// !$*UTF8*$!
{
	archiveVersion = 1;
	classes = {
	};
	objectVersion = 46;
	objects = {

/* Begin PBXBuildFile section */
		1B413CEA19C2042300A7CFDA /* AppDelegate.swift in Sources */ = {isa = PBXBuildFile; fileRef = 1B413CE919C2042300A7CFDA /* AppDelegate.swift */; };
		1B413CEC19C2042300A7CFDA /* ViewController.swift in Sources */ = {isa = PBXBuildFile; fileRef = 1B413CEB19C2042300A7CFDA /* ViewController.swift */; };
		1B413CEF19C2042300A7CFDA /* Main.storyboard in Resources */ = {isa = PBXBuildFile; fileRef = 1B413CED19C2042300A7CFDA /* Main.storyboard */; };
		1B413CF119C2042300A7CFDA /* Images.xcassets in Resources */ = {isa = PBXBuildFile; fileRef = 1B413CF019C2042300A7CFDA /* Images.xcassets */; };
		1B413CF419C2042300A7CFDA /* LaunchScreen.xib in Resources */ = {isa = PBXBuildFile; fileRef = 1B413CF219C2042300A7CFDA /* LaunchScreen.xib */; };
		1B413D0019C2042300A7CFDA /* HelloMultiPlatformAppTests.swift in Sources */ = {isa = PBXBuildFile; fileRef = 1B413CFF19C2042300A7CFDA /* HelloMultiPlatformAppTests.swift */; };
/* End PBXBuildFile section */

/* Begin PBXContainerItemProxy section */
		1B413CFA19C2042300A7CFDA /* PBXContainerItemProxy */ = {
			isa = PBXContainerItemProxy;
			containerPortal = 1B413CDC19C2042300A7CFDA /* Project object */;
			proxyType = 1;
			remoteGlobalIDString = 1B413CE319C2042300A7CFDA;
			remoteInfo = HelloMultiPlatformApp;
		};
/* End PBXContainerItemProxy section */

/* Begin PBXFileReference section */
		1B413CE419C2042300A7CFDA /* HelloMultiPlatformApp.app */ = {isa = PBXFileReference; explicitFileType = wrapper.application; includeInIndex = 0; path = HelloMultiPlatformApp.app; sourceTree = BUILT_PRODUCTS_DIR; };
		1B413CE819C2042300A7CFDA /* Info.plist */ = {isa = PBXFileReference; lastKnownFileType = text.plist.xml; path = Info.plist; sourceTree = "<group>"; };
		1B413CE919C2042300A7CFDA /* AppDelegate.swift */ = {isa = PBXFileReference; lastKnownFileType = sourcecode.swift; path = AppDelegate.swift; sourceTree = "<group>"; };
		1B413CEB19C2042300A7CFDA /* ViewController.swift */ = {isa = PBXFileReference; lastKnownFileType = sourcecode.swift; path = ViewController.swift; sourceTree = "<group>"; };
		1B413CEE19C2042300A7CFDA /* Base */ = {isa = PBXFileReference; lastKnownFileType = file.storyboard; name = Base; path = Base.lproj/Main.storyboard; sourceTree = "<group>"; };
		1B413CF019C2042300A7CFDA /* Images.xcassets */ = {isa = PBXFileReference; lastKnownFileType = folder.assetcatalog; path = Images.xcassets; sourceTree = "<group>"; };
		1B413CF319C2042300A7CFDA /* Base */ = {isa = PBXFileReference; lastKnownFileType = file.xib; name = Base; path = Base.lproj/LaunchScreen.xib; sourceTree = "<group>"; };
		1B413CF919C2042300A7CFDA /* HelloMultiPlatformAppTests.xctest */ = {isa = PBXFileReference; explicitFileType = wrapper.cfbundle; includeInIndex = 0; path = HelloMultiPlatformAppTests.xctest; sourceTree = BUILT_PRODUCTS_DIR; };
		1B413CFE19C2042300A7CFDA /* Info.plist */ = {isa = PBXFileReference; lastKnownFileType = text.plist.xml; path = Info.plist; sourceTree = "<group>"; };
		1B413CFF19C2042300A7CFDA /* HelloMultiPlatformAppTests.swift */ = {isa = PBXFileReference; lastKnownFileType = sourcecode.swift; path = HelloMultiPlatformAppTests.swift; sourceTree = "<group>"; };
/* End PBXFileReference section */

/* Begin PBXFrameworksBuildPhase section */
		1B413CE119C2042300A7CFDA /* Frameworks */ = {
			isa = PBXFrameworksBuildPhase;
			buildActionMask = 2147483647;
			files = (
			);
			runOnlyForDeploymentPostprocessing = 0;
		};
		1B413CF619C2042300A7CFDA /* Frameworks */ = {
			isa = PBXFrameworksBuildPhase;
			buildActionMask = 2147483647;
			files = (
			);
			runOnlyForDeploymentPostprocessing = 0;
		};
/* End PBXFrameworksBuildPhase section */

/* Begin PBXGroup section */
		1B413CDB19C2042300A7CFDA = {
			isa = PBXGroup;
			children = (
				1B413CE619C2042300A7CFDA /* HelloMultiPlatformApp */,
				1B413CFC19C2042300A7CFDA /* HelloMultiPlatformAppTests */,
				1B413CE519C2042300A7CFDA /* Products */,
			);
			sourceTree = "<group>";
		};
		1B413CE519C2042300A7CFDA /* Products */ = {
			isa = PBXGroup;
			children = (
				1B413CE419C2042300A7CFDA /* HelloMultiPlatformApp.app */,
				1B413CF919C2042300A7CFDA /* HelloMultiPlatformAppTests.xctest */,
			);
			name = Products;
			sourceTree = "<group>";
		};
		1B413CE619C2042300A7CFDA /* HelloMultiPlatformApp */ = {
			isa = PBXGroup;
			children = (
				1B413CE919C2042300A7CFDA /* AppDelegate.swift */,
				1B413CEB19C2042300A7CFDA /* ViewController.swift */,
				1B413CED19C2042300A7CFDA /* Main.storyboard */,
				1B413CF019C2042300A7CFDA /* Images.xcassets */,
				1B413CF219C2042300A7CFDA /* LaunchScreen.xib */,
				1B413CE719C2042300A7CFDA /* Supporting Files */,
			);
			path = HelloMultiPlatformApp;
			sourceTree = "<group>";
		};
		1B413CE719C2042300A7CFDA /* Supporting Files */ = {
			isa = PBXGroup;
			children = (
				1B413CE819C2042300A7CFDA /* Info.plist */,
			);
			name = "Supporting Files";
			sourceTree = "<group>";
		};
		1B413CFC19C2042300A7CFDA /* HelloMultiPlatformAppTests */ = {
			isa = PBXGroup;
			children = (
				1B413CFF19C2042300A7CFDA /* HelloMultiPlatformAppTests.swift */,
				1B413CFD19C2042300A7CFDA /* Supporting Files */,
			);
			path = HelloMultiPlatformAppTests;
			sourceTree = "<group>";
		};
		1B413CFD19C2042300A7CFDA /* Supporting Files */ = {
			isa = PBXGroup;
			children = (
				1B413CFE19C2042300A7CFDA /* Info.plist */,
			);
			name = "Supporting Files";
			sourceTree = "<group>";
		};
/* End PBXGroup section */

/* Begin PBXNativeTarget section */
		1B413CE319C2042300A7CFDA /* HelloMultiPlatformApp */ = {
			isa = PBXNativeTarget;
			buildConfigurationList = 1B413D0319C2042300A7CFDA /* Build configuration list for PBXNativeTarget "HelloMultiPlatformApp" */;
			buildPhases = (
				1B413CE019C2042300A7CFDA /* Sources */,
				1B413CE119C2042300A7CFDA /* Frameworks */,
				1B413CE219C2042300A7CFDA /* Resources */,
			);
			buildRules = (
			);
			dependencies = (
			);
			name = HelloMultiPlatformApp;
			productName = HelloMultiPlatformApp;
			productReference = 1B413CE419C2042300A7CFDA /* HelloMultiPlatformApp.app */;
			productType = "com.apple.product-type.application";
		};
		1B413CF819C2042300A7CFDA /* HelloMultiPlatformAppTests */ = {
			isa = PBXNativeTarget;
			buildConfigurationList = 1B413D0619C2042300A7CFDA /* Build configuration list for PBXNativeTarget "HelloMultiPlatformAppTests" */;
			buildPhases = (
				1B413CF519C2042300A7CFDA /* Sources */,
				1B413CF619C2042300A7CFDA /* Frameworks */,
				1B413CF719C2042300A7CFDA /* Resources */,
			);
			buildRules = (
			);
			dependencies = (
				1B413CFB19C2042300A7CFDA /* PBXTargetDependency */,
			);
			name = HelloMultiPlatformAppTests;
			productName = HelloMultiPlatformAppTests;
			productReference = 1B413CF919C2042300A7CFDA /* HelloMultiPlatformAppTests.xctest */;
			productType = "com.apple.product-type.bundle.unit-test";
		};
/* End PBXNativeTarget section */

/* Begin PBXProject section */
		1B413CDC19C2042300A7CFDA /* Project object */ = {
			isa = PBXProject;
			attributes = {
				LastUpgradeCheck = 0600;
				ORGANIZATIONNAME = "Paul Yuan";
				TargetAttributes = {
					1B413CE319C2042300A7CFDA = {
						CreatedOnToolsVersion = 6.0;
					};
					1B413CF819C2042300A7CFDA = {
						CreatedOnToolsVersion = 6.0;
						TestTargetID = 1B413CE319C2042300A7CFDA;
					};
				};
			};
			buildConfigurationList = 1B413CDF19C2042300A7CFDA /* Build configuration list for PBXProject "HelloMultiPlatformApp" */;
			compatibilityVersion = "Xcode 3.2";
			developmentRegion = English;
			hasScannedForEncodings = 0;
			knownRegions = (
				en,
				Base,
			);
			mainGroup = 1B413CDB19C2042300A7CFDA;
			productRefGroup = 1B413CE519C2042300A7CFDA /* Products */;
			projectDirPath = "";
			projectRoot = "";
			targets = (
				1B413CE319C2042300A7CFDA /* HelloMultiPlatformApp */,
				1B413CF819C2042300A7CFDA /* HelloMultiPlatformAppTests */,
			);
		};
/* End PBXProject section */

/* Begin PBXResourcesBuildPhase section */
		1B413CE219C2042300A7CFDA /* Resources */ = {
			isa = PBXResourcesBuildPhase;
			buildActionMask = 2147483647;
			files = (
				1B413CEF19C2042300A7CFDA /* Main.storyboard in Resources */,
				1B413CF419C2042300A7CFDA /* LaunchScreen.xib in Resources */,
				1B413CF119C2042300A7CFDA /* Images.xcassets in Resources */,
			);
			runOnlyForDeploymentPostprocessing = 0;
		};
		1B413CF719C2042300A7CFDA /* Resources */ = {
			isa = PBXResourcesBuildPhase;
			buildActionMask = 2147483647;
			files = (
			);
			runOnlyForDeploymentPostprocessing = 0;
		};
/* End PBXResourcesBuildPhase section */

/* Begin PBXSourcesBuildPhase section */
		1B413CE019C2042300A7CFDA /* Sources */ = {
			isa = PBXSourcesBuildPhase;
			buildActionMask = 2147483647;
			files = (
				1B413CEC19C2042300A7CFDA /* ViewController.swift in Sources */,
				1B413CEA19C2042300A7CFDA /* AppDelegate.swift in Sources */,
			);
			runOnlyForDeploymentPostprocessing = 0;
		};
		1B413CF519C2042300A7CFDA /* Sources */ = {
			isa = PBXSourcesBuildPhase;
			buildActionMask = 2147483647;
			files = (
				1B413D0019C2042300A7CFDA /* HelloMultiPlatformAppTests.swift in Sources */,
			);
			runOnlyForDeploymentPostprocessing = 0;
		};
/* End PBXSourcesBuildPhase section */

/* Begin PBXTargetDependency section */
		1B413CFB19C2042300A7CFDA /* PBXTargetDependency */ = {
			isa = PBXTargetDependency;
			target = 1B413CE319C2042300A7CFDA /* HelloMultiPlatformApp */;
			targetProxy = 1B413CFA19C2042300A7CFDA /* PBXContainerItemProxy */;
		};
/* End PBXTargetDependency section */

/* Begin PBXVariantGroup section */
		1B413CED19C2042300A7CFDA /* Main.storyboard */ = {
			isa = PBXVariantGroup;
			children = (
				1B413CEE19C2042300A7CFDA /* Base */,
			);
			name = Main.storyboard;
			sourceTree = "<group>";
		};
		1B413CF219C2042300A7CFDA /* LaunchScreen.xib */ = {
			isa = PBXVariantGroup;
			children = (
				1B413CF319C2042300A7CFDA /* Base */,
			);
			name = LaunchScreen.xib;
			sourceTree = "<group>";
		};
/* End PBXVariantGroup section */

/* Begin XCBuildConfiguration section */
		1B413D0119C2042300A7CFDA /* Debug */ = {
			isa = XCBuildConfiguration;
			buildSettings = {
				ALWAYS_SEARCH_USER_PATHS = NO;
				CLANG_CXX_LANGUAGE_STANDARD = "gnu++0x";
				CLANG_CXX_LIBRARY = "libc++";
				CLANG_ENABLE_MODULES = YES;
				CLANG_ENABLE_OBJC_ARC = YES;
				CLANG_WARN_BOOL_CONVERSION = YES;
				CLANG_WARN_CONSTANT_CONVERSION = YES;
				CLANG_WARN_DIRECT_OBJC_ISA_USAGE = YES_ERROR;
				CLANG_WARN_EMPTY_BODY = YES;
				CLANG_WARN_ENUM_CONVERSION = YES;
				CLANG_WARN_INT_CONVERSION = YES;
				CLANG_WARN_OBJC_ROOT_CLASS = YES_ERROR;
				CLANG_WARN_UNREACHABLE_CODE = YES;
				CLANG_WARN__DUPLICATE_METHOD_MATCH = YES;
				"CODE_SIGN_IDENTITY[sdk=iphoneos*]" = "iPhone Developer";
				COPY_PHASE_STRIP = NO;
				ENABLE_STRICT_OBJC_MSGSEND = YES;
				GCC_C_LANGUAGE_STANDARD = gnu99;
				GCC_DYNAMIC_NO_PIC = NO;
				GCC_OPTIMIZATION_LEVEL = 0;
				GCC_PREPROCESSOR_DEFINITIONS = (
					"DEBUG=1",
					"$(inherited)",
				);
				GCC_SYMBOLS_PRIVATE_EXTERN = NO;
				GCC_WARN_64_TO_32_BIT_CONVERSION = YES;
				GCC_WARN_ABOUT_RETURN_TYPE = YES_ERROR;
				GCC_WARN_UNDECLARED_SELECTOR = YES;
				GCC_WARN_UNINITIALIZED_AUTOS = YES_AGGRESSIVE;
				GCC_WARN_UNUSED_FUNCTION = YES;
				GCC_WARN_UNUSED_VARIABLE = YES;
				IPHONEOS_DEPLOYMENT_TARGET = 8.0;
				MTL_ENABLE_DEBUG_INFO = YES;
				ONLY_ACTIVE_ARCH = YES;
				SDKROOT = iphoneos;
				SWIFT_OPTIMIZATION_LEVEL = "-Onone";
				TARGETED_DEVICE_FAMILY = "1,2";
			};
			name = Debug;
		};
		1B413D0219C2042300A7CFDA /* Release */ = {
			isa = XCBuildConfiguration;
			buildSettings = {
				ALWAYS_SEARCH_USER_PATHS = NO;
				CLANG_CXX_LANGUAGE_STANDARD = "gnu++0x";
				CLANG_CXX_LIBRARY = "libc++";
				CLANG_ENABLE_MODULES = YES;
				CLANG_ENABLE_OBJC_ARC = YES;
				CLANG_WARN_BOOL_CONVERSION = YES;
				CLANG_WARN_CONSTANT_CONVERSION = YES;
				CLANG_WARN_DIRECT_OBJC_ISA_USAGE = YES_ERROR;
				CLANG_WARN_EMPTY_BODY = YES;
				CLANG_WARN_ENUM_CONVERSION = YES;
				CLANG_WARN_INT_CONVERSION = YES;
				CLANG_WARN_OBJC_ROOT_CLASS = YES_ERROR;
				CLANG_WARN_UNREACHABLE_CODE = YES;
				CLANG_WARN__DUPLICATE_METHOD_MATCH = YES;
				"CODE_SIGN_IDENTITY[sdk=iphoneos*]" = "iPhone Developer";
				COPY_PHASE_STRIP = YES;
				ENABLE_NS_ASSERTIONS = NO;
				ENABLE_STRICT_OBJC_MSGSEND = YES;
				GCC_C_LANGUAGE_STANDARD = gnu99;
				GCC_WARN_64_TO_32_BIT_CONVERSION = YES;
				GCC_WARN_ABOUT_RETURN_TYPE = YES_ERROR;
				GCC_WARN_UNDECLARED_SELECTOR = YES;
				GCC_WARN_UNINITIALIZED_AUTOS = YES_AGGRESSIVE;
				GCC_WARN_UNUSED_FUNCTION = YES;
				GCC_WARN_UNUSED_VARIABLE = YES;
				IPHONEOS_DEPLOYMENT_TARGET = 8.0;
				MTL_ENABLE_DEBUG_INFO = NO;
				SDKROOT = iphoneos;
				TARGETED_DEVICE_FAMILY = "1,2";
				VALIDATE_PRODUCT = YES;
			};
			name = Release;
		};
		1B413D0419C2042300A7CFDA /* Debug */ = {
			isa = XCBuildConfiguration;
			buildSettings = {
				ASSETCATALOG_COMPILER_APPICON_NAME = AppIcon;
				INFOPLIST_FILE = HelloMultiPlatformApp/Info.plist;
				LD_RUNPATH_SEARCH_PATHS = "$(inherited) @executable_path/Frameworks";
				PRODUCT_NAME = "$(TARGET_NAME)";
			};
			name = Debug;
		};
		1B413D0519C2042300A7CFDA /* Release */ = {
			isa = XCBuildConfiguration;
			buildSettings = {
				ASSETCATALOG_COMPILER_APPICON_NAME = AppIcon;
				INFOPLIST_FILE = HelloMultiPlatformApp/Info.plist;
				LD_RUNPATH_SEARCH_PATHS = "$(inherited) @executable_path/Frameworks";
				PRODUCT_NAME = "$(TARGET_NAME)";
			};
			name = Release;
		};
		1B413D0719C2042300A7CFDA /* Debug */ = {
			isa = XCBuildConfiguration;
			buildSettings = {
				BUNDLE_LOADER = "$(TEST_HOST)";
				FRAMEWORK_SEARCH_PATHS = (
					"$(SDKROOT)/Developer/Library/Frameworks",
					"$(inherited)",
				);
				GCC_PREPROCESSOR_DEFINITIONS = (
					"DEBUG=1",
					"$(inherited)",
				);
				INFOPLIST_FILE = HelloMultiPlatformAppTests/Info.plist;
				LD_RUNPATH_SEARCH_PATHS = "$(inherited) @executable_path/Frameworks @loader_path/Frameworks";
				PRODUCT_NAME = "$(TARGET_NAME)";
				TEST_HOST = "$(BUILT_PRODUCTS_DIR)/HelloMultiPlatformApp.app/HelloMultiPlatformApp";
			};
			name = Debug;
		};
		1B413D0819C2042300A7CFDA /* Release */ = {
			isa = XCBuildConfiguration;
			buildSettings = {
				BUNDLE_LOADER = "$(TEST_HOST)";
				FRAMEWORK_SEARCH_PATHS = (
					"$(SDKROOT)/Developer/Library/Frameworks",
					"$(inherited)",
				);
				INFOPLIST_FILE = HelloMultiPlatformAppTests/Info.plist;
				LD_RUNPATH_SEARCH_PATHS = "$(inherited) @executable_path/Frameworks @loader_path/Frameworks";
				PRODUCT_NAME = "$(TARGET_NAME)";
				TEST_HOST = "$(BUILT_PRODUCTS_DIR)/HelloMultiPlatformApp.app/HelloMultiPlatformApp";
			};
			name = Release;
		};
/* End XCBuildConfiguration section */

/* Begin XCConfigurationList section */
		1B413CDF19C2042300A7CFDA /* Build configuration list for PBXProject "HelloMultiPlatformApp" */ = {
			isa = XCConfigurationList;
			buildConfigurations = (
				1B413D0119C2042300A7CFDA /* Debug */,
				1B413D0219C2042300A7CFDA /* Release */,
			);
			defaultConfigurationIsVisible = 0;
			defaultConfigurationName = Release;
		};
		1B413D0319C2042300A7CFDA /* Build configuration list for PBXNativeTarget "HelloMultiPlatformApp" */ = {
			isa = XCConfigurationList;
			buildConfigurations = (
				1B413D0419C2042300A7CFDA /* Debug */,
				1B413D0519C2042300A7CFDA /* Release */,
			);
			defaultConfigurationIsVisible = 0;
		};
		1B413D0619C2042300A7CFDA /* Build configuration list for PBXNativeTarget "HelloMultiPlatformAppTests" */ = {
			isa = XCConfigurationList;
			buildConfigurations = (
				1B413D0719C2042300A7CFDA /* Debug */,
				1B413D0819C2042300A7CFDA /* Release */,
			);
			defaultConfigurationIsVisible = 0;
		};
/* End XCConfigurationList section */
	};
	rootObject = 1B413CDC19C2042300A7CFDA /* Project object */;
}
